
Microsoft Visual Studio Solution File, Format Version 12.00
# Visual Studio Version 16
VisualStudioVersion = 16.0.30621.155
MinimumVisualStudioVersion = 10.0.40219.1
Project("{9A19103F-16F7-4668-BE54-9A1E7A4F7556}") = "MyWebJob", "WebJob\MyWebJob.csproj", "{B8C7C66D-3BA2-407A-B809-94B71D549BA7}"
EndProject
Project("{9A19103F-16F7-4668-BE54-9A1E7A4F7556}") = "WebJobLibrary", "WebJobLibrary\WebJobLibrary.csproj", "{421F4A4B-F366-4D06-A3E0-ECA4D2B01075}"
EndProject
Global
	GlobalSection(SolutionConfigurationPlatforms) = preSolution
		Debug|Any CPU = Debug|Any CPU
		Release|Any CPU = Release|Any CPU
	EndGlobalSection
	GlobalSection(ProjectConfigurationPlatforms) = postSolution
		{B8C7C66D-3BA2-407A-B809-94B71D549BA7}.Debug|Any CPU.ActiveCfg = Debug|Any CPU
		{B8C7C66D-3BA2-407A-B809-94B71D549BA7}.Debug|Any CPU.Build.0 = Debug|Any CPU
		{B8C7C66D-3BA2-407A-B809-94B71D549BA7}.Release|Any CPU.ActiveCfg = Release|Any CPU
		{B8C7C66D-3BA2-407A-B809-94B71D549BA7}.Release|Any CPU.Build.0 = Release|Any CPU
		{421F4A4B-F366-4D06-A3E0-ECA4D2B01075}.Debug|Any CPU.ActiveCfg = Debug|Any CPU
		{421F4A4B-F366-4D06-A3E0-ECA4D2B01075}.Debug|Any CPU.Build.0 = Debug|Any CPU
		{421F4A4B-F366-4D06-A3E0-ECA4D2B01075}.Release|Any CPU.ActiveCfg = Release|Any CPU
		{421F4A4B-F366-4D06-A3E0-ECA4D2B01075}.Release|Any CPU.Build.0 = Release|Any CPU
	EndGlobalSection
	GlobalSection(SolutionProperties) = preSolution
		HideSolutionNode = FALSE
	EndGlobalSection
	GlobalSection(ExtensibilityGlobals) = postSolution
		SolutionGuid = {119E77EB-1803-46AD-A173-DDAB8BA44091}
	EndGlobalSection
EndGlobal
